
Microsoft Visual Studio Solution File, Format Version 12.00
# Visual Studio Version 16
VisualStudioVersion = 16.0.31424.327
MinimumVisualStudioVersion = 10.0.40219.1
Project("{FAE04EC0-301F-11D3-BF4B-00C04F79EFBC}") = "Sorting", "Sorting\Sorting.csproj", "{D333E34F-7A9A-4AD9-A39E-3EE684A07178}"
EndProject
Global
	GlobalSection(SolutionConfigurationPlatforms) = preSolution
		Debug|Any CPU = Debug|Any CPU
		Release|Any CPU = Release|Any CPU
	EndGlobalSection
	GlobalSection(ProjectConfigurationPlatforms) = postSolution
		{D333E34F-7A9A-4AD9-A39E-3EE684A07178}.Debug|Any CPU.ActiveCfg = Debug|Any CPU
		{D333E34F-7A9A-4AD9-A39E-3EE684A07178}.Debug|Any CPU.Build.0 = Debug|Any CPU
		{D333E34F-7A9A-4AD9-A39E-3EE684A07178}.Release|Any CPU.ActiveCfg = Release|Any CPU
		{D333E34F-7A9A-4AD9-A39E-3EE684A07178}.Release|Any CPU.Build.0 = Release|Any CPU
	EndGlobalSection
	GlobalSection(SolutionProperties) = preSolution
		HideSolutionNode = FALSE
	EndGlobalSection
	GlobalSection(ExtensibilityGlobals) = postSolution
		SolutionGuid = {7D6AE308-59F1-464E-A1BC-CB4D59B76190}
	EndGlobalSection
EndGlobal
